
Microsoft Visual Studio Solution File, Format Version 12.00
# Visual Studio 15
VisualStudioVersion = 15.0.28307.168
MinimumVisualStudioVersion = 10.0.40219.1
Project("{FAE04EC0-301F-11D3-BF4B-00C04F79EFBC}") = "Spell_checker", "Spell_checker\Spell_checker.csproj", "{C6F0ACD7-8ADB-44C5-9732-78766BD288C4}"
EndProject
Project("{FAE04EC0-301F-11D3-BF4B-00C04F79EFBC}") = "Spell_checker.UnitTests", "Spell_checker.UnitTests\Spell_checker.UnitTests.csproj", "{1A384F05-C843-49BF-B581-C5D3BD710298}"
EndProject
Global
	GlobalSection(SolutionConfigurationPlatforms) = preSolution
		Debug|Any CPU = Debug|Any CPU
		Release|Any CPU = Release|Any CPU
	EndGlobalSection
	GlobalSection(ProjectConfigurationPlatforms) = postSolution
		{C6F0ACD7-8ADB-44C5-9732-78766BD288C4}.Debug|Any CPU.ActiveCfg = Debug|Any CPU
		{C6F0ACD7-8ADB-44C5-9732-78766BD288C4}.Debug|Any CPU.Build.0 = Debug|Any CPU
		{C6F0ACD7-8ADB-44C5-9732-78766BD288C4}.Release|Any CPU.ActiveCfg = Release|Any CPU
		{C6F0ACD7-8ADB-44C5-9732-78766BD288C4}.Release|Any CPU.Build.0 = Release|Any CPU
		{1A384F05-C843-49BF-B581-C5D3BD710298}.Debug|Any CPU.ActiveCfg = Debug|Any CPU
		{1A384F05-C843-49BF-B581-C5D3BD710298}.Debug|Any CPU.Build.0 = Debug|Any CPU
		{1A384F05-C843-49BF-B581-C5D3BD710298}.Release|Any CPU.ActiveCfg = Release|Any CPU
		{1A384F05-C843-49BF-B581-C5D3BD710298}.Release|Any CPU.Build.0 = Release|Any CPU
	EndGlobalSection
	GlobalSection(SolutionProperties) = preSolution
		HideSolutionNode = FALSE
	EndGlobalSection
	GlobalSection(ExtensibilityGlobals) = postSolution
		SolutionGuid = {AC1F3CEF-B83D-4989-901D-DE61D93145E3}
	EndGlobalSection
EndGlobal
